// !$*UTF8*$!
{
	archiveVersion = 1;
	classes = {
	};
	objectVersion = 56;
	objects = {

/* Begin PBXBuildFile section */
		17FD7A732986CF5300955541 /* EC_AppApp.swift in Sources */ = {isa = PBXBuildFile; fileRef = 17FD7A722986CF5300955541 /* EC_AppApp.swift */; };
		17FD7A752986CF5300955541 /* ContentView.swift in Sources */ = {isa = PBXBuildFile; fileRef = 17FD7A742986CF5300955541 /* ContentView.swift */; };
		17FD7A772986CF5600955541 /* Assets.xcassets in Resources */ = {isa = PBXBuildFile; fileRef = 17FD7A762986CF5600955541 /* Assets.xcassets */; };
		17FD7A7A2986CF5600955541 /* Preview Assets.xcassets in Resources */ = {isa = PBXBuildFile; fileRef = 17FD7A792986CF5600955541 /* Preview Assets.xcassets */; };
		17FD7A852986D08100955541 /* SessionHistoryView.swift in Sources */ = {isa = PBXBuildFile; fileRef = 17FD7A842986D08100955541 /* SessionHistoryView.swift */; };
		17FD7A872986D0F000955541 /* AchievementsView.swift in Sources */ = {isa = PBXBuildFile; fileRef = 17FD7A862986D0F000955541 /* AchievementsView.swift */; };
		17FD7A892986D1DD00955541 /* ActivitiesView.swift in Sources */ = {isa = PBXBuildFile; fileRef = 17FD7A882986D1DD00955541 /* ActivitiesView.swift */; };
		17FD7A8B2986D1FD00955541 /* NearestSessionsView.swift in Sources */ = {isa = PBXBuildFile; fileRef = 17FD7A8A2986D1FC00955541 /* NearestSessionsView.swift */; };
		17FD7A8D2986D21400955541 /* NewsView.swift in Sources */ = {isa = PBXBuildFile; fileRef = 17FD7A8C2986D21400955541 /* NewsView.swift */; };
		17FD7A8F2986D43800955541 /* ArchiveSessionView.swift in Sources */ = {isa = PBXBuildFile; fileRef = 17FD7A8E2986D43800955541 /* ArchiveSessionView.swift */; };
		17FD7A922986D7C100955541 /* SessionDetailView.swift in Sources */ = {isa = PBXBuildFile; fileRef = 17FD7A912986D7C100955541 /* SessionDetailView.swift */; };
		17FD7A952986DD5600955541 /* Session.swift in Sources */ = {isa = PBXBuildFile; fileRef = 17FD7A942986DD5600955541 /* Session.swift */; };
/* End PBXBuildFile section */

/* Begin PBXFileReference section */
		17FD7A6F2986CF5300955541 /* EC_App.app */ = {isa = PBXFileReference; explicitFileType = wrapper.application; includeInIndex = 0; path = EC_App.app; sourceTree = BUILT_PRODUCTS_DIR; };
		17FD7A722986CF5300955541 /* EC_AppApp.swift */ = {isa = PBXFileReference; lastKnownFileType = sourcecode.swift; path = EC_AppApp.swift; sourceTree = "<group>"; };
		17FD7A742986CF5300955541 /* ContentView.swift */ = {isa = PBXFileReference; lastKnownFileType = sourcecode.swift; path = ContentView.swift; sourceTree = "<group>"; };
		17FD7A762986CF5600955541 /* Assets.xcassets */ = {isa = PBXFileReference; lastKnownFileType = folder.assetcatalog; path = Assets.xcassets; sourceTree = "<group>"; };
		17FD7A792986CF5600955541 /* Preview Assets.xcassets */ = {isa = PBXFileReference; lastKnownFileType = folder.assetcatalog; path = "Preview Assets.xcassets"; sourceTree = "<group>"; };
		17FD7A842986D08100955541 /* SessionHistoryView.swift */ = {isa = PBXFileReference; lastKnownFileType = sourcecode.swift; path = SessionHistoryView.swift; sourceTree = "<group>"; };
		17FD7A862986D0F000955541 /* AchievementsView.swift */ = {isa = PBXFileReference; lastKnownFileType = sourcecode.swift; path = AchievementsView.swift; sourceTree = "<group>"; };
		17FD7A882986D1DD00955541 /* ActivitiesView.swift */ = {isa = PBXFileReference; lastKnownFileType = sourcecode.swift; path = ActivitiesView.swift; sourceTree = "<group>"; };
		17FD7A8A2986D1FC00955541 /* NearestSessionsView.swift */ = {isa = PBXFileReference; lastKnownFileType = sourcecode.swift; path = NearestSessionsView.swift; sourceTree = "<group>"; };
		17FD7A8C2986D21400955541 /* NewsView.swift */ = {isa = PBXFileReference; lastKnownFileType = sourcecode.swift; path = NewsView.swift; sourceTree = "<group>"; };
		17FD7A8E2986D43800955541 /* ArchiveSessionView.swift */ = {isa = PBXFileReference; lastKnownFileType = sourcecode.swift; path = ArchiveSessionView.swift; sourceTree = "<group>"; };
		17FD7A912986D7C100955541 /* SessionDetailView.swift */ = {isa = PBXFileReference; lastKnownFileType = sourcecode.swift; path = SessionDetailView.swift; sourceTree = "<group>"; };
		17FD7A942986DD5600955541 /* Session.swift */ = {isa = PBXFileReference; lastKnownFileType = sourcecode.swift; path = Session.swift; sourceTree = "<group>"; };
/* End PBXFileReference section */

/* Begin PBXFrameworksBuildPhase section */
		17FD7A6C2986CF5300955541 /* Frameworks */ = {
			isa = PBXFrameworksBuildPhase;
			buildActionMask = 2147483647;
			files = (
			);
			runOnlyForDeploymentPostprocessing = 0;
		};
/* End PBXFrameworksBuildPhase section */

/* Begin PBXGroup section */
		17FD7A662986CF5300955541 = {
			isa = PBXGroup;
			children = (
				17FD7A712986CF5300955541 /* EC_App */,
				17FD7A702986CF5300955541 /* Products */,
			);
			sourceTree = "<group>";
		};
		17FD7A702986CF5300955541 /* Products */ = {
			isa = PBXGroup;
			children = (
				17FD7A6F2986CF5300955541 /* EC_App.app */,
			);
			name = Products;
			sourceTree = "<group>";
		};
		17FD7A712986CF5300955541 /* EC_App */ = {
			isa = PBXGroup;
			children = (
				17FD7A932986DD3400955541 /* Model */,
				17FD7A742986CF5300955541 /* ContentView.swift */,
				17FD7A812986CFD000955541 /* Views */,
				17FD7A802986CFB100955541 /* Pages */,
				17FD7A722986CF5300955541 /* EC_AppApp.swift */,
				17FD7A762986CF5600955541 /* Assets.xcassets */,
				17FD7A782986CF5600955541 /* Preview Content */,
			);
			path = EC_App;
			sourceTree = "<group>";
		};
		17FD7A782986CF5600955541 /* Preview Content */ = {
			isa = PBXGroup;
			children = (
				17FD7A792986CF5600955541 /* Preview Assets.xcassets */,
			);
			path = "Preview Content";
			sourceTree = "<group>";
		};
		17FD7A802986CFB100955541 /* Pages */ = {
			isa = PBXGroup;
			children = (
				17FD7A842986D08100955541 /* SessionHistoryView.swift */,
				17FD7A862986D0F000955541 /* AchievementsView.swift */,
				17FD7A882986D1DD00955541 /* ActivitiesView.swift */,
				17FD7A8A2986D1FC00955541 /* NearestSessionsView.swift */,
				17FD7A8C2986D21400955541 /* NewsView.swift */,
				17FD7A912986D7C100955541 /* SessionDetailView.swift */,
			);
			path = Pages;
			sourceTree = "<group>";
		};
		17FD7A812986CFD000955541 /* Views */ = {
			isa = PBXGroup;
			children = (
				17FD7A8E2986D43800955541 /* ArchiveSessionView.swift */,
			);
			path = Views;
			sourceTree = "<group>";
		};
		17FD7A932986DD3400955541 /* Model */ = {
			isa = PBXGroup;
			children = (
				17FD7A942986DD5600955541 /* Session.swift */,
			);
			path = Model;
			sourceTree = "<group>";
		};
/* End PBXGroup section */

/* Begin PBXNativeTarget section */
		17FD7A6E2986CF5300955541 /* EC_App */ = {
			isa = PBXNativeTarget;
			buildConfigurationList = 17FD7A7D2986CF5600955541 /* Build configuration list for PBXNativeTarget "EC_App" */;
			buildPhases = (
				17FD7A6B2986CF5300955541 /* Sources */,
				17FD7A6C2986CF5300955541 /* Frameworks */,
				17FD7A6D2986CF5300955541 /* Resources */,
			);
			buildRules = (
			);
			dependencies = (
			);
			name = EC_App;
			productName = EC_App;
			productReference = 17FD7A6F2986CF5300955541 /* EC_App.app */;
			productType = "com.apple.product-type.application";
		};
/* End PBXNativeTarget section */

/* Begin PBXProject section */
		17FD7A672986CF5300955541 /* Project object */ = {
			isa = PBXProject;
			attributes = {
				BuildIndependentTargetsInParallel = 1;
				LastSwiftUpdateCheck = 1400;
				LastUpgradeCheck = 1400;
				TargetAttributes = {
					17FD7A6E2986CF5300955541 = {
						CreatedOnToolsVersion = 14.0.1;
					};
				};
			};
			buildConfigurationList = 17FD7A6A2986CF5300955541 /* Build configuration list for PBXProject "EC_App" */;
			compatibilityVersion = "Xcode 14.0";
			developmentRegion = en;
			hasScannedForEncodings = 0;
			knownRegions = (
				en,
				Base,
			);
			mainGroup = 17FD7A662986CF5300955541;
			productRefGroup = 17FD7A702986CF5300955541 /* Products */;
			projectDirPath = "";
			projectRoot = "";
			targets = (
				17FD7A6E2986CF5300955541 /* EC_App */,
			);
		};
/* End PBXProject section */

/* Begin PBXResourcesBuildPhase section */
		17FD7A6D2986CF5300955541 /* Resources */ = {
			isa = PBXResourcesBuildPhase;
			buildActionMask = 2147483647;
			files = (
				17FD7A7A2986CF5600955541 /* Preview Assets.xcassets in Resources */,
				17FD7A772986CF5600955541 /* Assets.xcassets in Resources */,
			);
			runOnlyForDeploymentPostprocessing = 0;
		};
/* End PBXResourcesBuildPhase section */

/* Begin PBXSourcesBuildPhase section */
		17FD7A6B2986CF5300955541 /* Sources */ = {
			isa = PBXSourcesBuildPhase;
			buildActionMask = 2147483647;
			files = (
				17FD7A952986DD5600955541 /* Session.swift in Sources */,
				17FD7A872986D0F000955541 /* AchievementsView.swift in Sources */,
				17FD7A922986D7C100955541 /* SessionDetailView.swift in Sources */,
				17FD7A752986CF5300955541 /* ContentView.swift in Sources */,
				17FD7A732986CF5300955541 /* EC_AppApp.swift in Sources */,
				17FD7A8D2986D21400955541 /* NewsView.swift in Sources */,
				17FD7A8F2986D43800955541 /* ArchiveSessionView.swift in Sources */,
				17FD7A852986D08100955541 /* SessionHistoryView.swift in Sources */,
				17FD7A8B2986D1FD00955541 /* NearestSessionsView.swift in Sources */,
				17FD7A892986D1DD00955541 /* ActivitiesView.swift in Sources */,
			);
			runOnlyForDeploymentPostprocessing = 0;
		};
/* End PBXSourcesBuildPhase section */

/* Begin XCBuildConfiguration section */
		17FD7A7B2986CF5600955541 /* Debug */ = {
			isa = XCBuildConfiguration;
			buildSettings = {
				ALWAYS_SEARCH_USER_PATHS = NO;
				CLANG_ANALYZER_NONNULL = YES;
				CLANG_ANALYZER_NUMBER_OBJECT_CONVERSION = YES_AGGRESSIVE;
				CLANG_CXX_LANGUAGE_STANDARD = "gnu++20";
				CLANG_ENABLE_MODULES = YES;
				CLANG_ENABLE_OBJC_ARC = YES;
				CLANG_ENABLE_OBJC_WEAK = YES;
				CLANG_WARN_BLOCK_CAPTURE_AUTORELEASING = YES;
				CLANG_WARN_BOOL_CONVERSION = YES;
				CLANG_WARN_COMMA = YES;
				CLANG_WARN_CONSTANT_CONVERSION = YES;
				CLANG_WARN_DEPRECATED_OBJC_IMPLEMENTATIONS = YES;
				CLANG_WARN_DIRECT_OBJC_ISA_USAGE = YES_ERROR;
				CLANG_WARN_DOCUMENTATION_COMMENTS = YES;
				CLANG_WARN_EMPTY_BODY = YES;
				CLANG_WARN_ENUM_CONVERSION = YES;
				CLANG_WARN_INFINITE_RECURSION = YES;
				CLANG_WARN_INT_CONVERSION = YES;
				CLANG_WARN_NON_LITERAL_NULL_CONVERSION = YES;
				CLANG_WARN_OBJC_IMPLICIT_RETAIN_SELF = YES;
				CLANG_WARN_OBJC_LITERAL_CONVERSION = YES;
				CLANG_WARN_OBJC_ROOT_CLASS = YES_ERROR;
				CLANG_WARN_QUOTED_INCLUDE_IN_FRAMEWORK_HEADER = YES;
				CLANG_WARN_RANGE_LOOP_ANALYSIS = YES;
				CLANG_WARN_STRICT_PROTOTYPES = YES;
				CLANG_WARN_SUSPICIOUS_MOVE = YES;
				CLANG_WARN_UNGUARDED_AVAILABILITY = YES_AGGRESSIVE;
				CLANG_WARN_UNREACHABLE_CODE = YES;
				CLANG_WARN__DUPLICATE_METHOD_MATCH = YES;
				COPY_PHASE_STRIP = NO;
				DEBUG_INFORMATION_FORMAT = dwarf;
				ENABLE_STRICT_OBJC_MSGSEND = YES;
				ENABLE_TESTABILITY = YES;
				GCC_C_LANGUAGE_STANDARD = gnu11;
				GCC_DYNAMIC_NO_PIC = NO;
				GCC_NO_COMMON_BLOCKS = YES;
				GCC_OPTIMIZATION_LEVEL = 0;
				GCC_PREPROCESSOR_DEFINITIONS = (
					"DEBUG=1",
					"$(inherited)",
				);
				GCC_WARN_64_TO_32_BIT_CONVERSION = YES;
				GCC_WARN_ABOUT_RETURN_TYPE = YES_ERROR;
				GCC_WARN_UNDECLARED_SELECTOR = YES;
				GCC_WARN_UNINITIALIZED_AUTOS = YES_AGGRESSIVE;
				GCC_WARN_UNUSED_FUNCTION = YES;
				GCC_WARN_UNUSED_VARIABLE = YES;
				IPHONEOS_DEPLOYMENT_TARGET = 16.0;
				MTL_ENABLE_DEBUG_INFO = INCLUDE_SOURCE;
				MTL_FAST_MATH = YES;
				ONLY_ACTIVE_ARCH = YES;
				SDKROOT = iphoneos;
				SWIFT_ACTIVE_COMPILATION_CONDITIONS = DEBUG;
				SWIFT_OPTIMIZATION_LEVEL = "-Onone";
			};
			name = Debug;
		};
		17FD7A7C2986CF5600955541 /* Release */ = {
			isa = XCBuildConfiguration;
			buildSettings = {
				ALWAYS_SEARCH_USER_PATHS = NO;
				CLANG_ANALYZER_NONNULL = YES;
				CLANG_ANALYZER_NUMBER_OBJECT_CONVERSION = YES_AGGRESSIVE;
				CLANG_CXX_LANGUAGE_STANDARD = "gnu++20";
				CLANG_ENABLE_MODULES = YES;
				CLANG_ENABLE_OBJC_ARC = YES;
				CLANG_ENABLE_OBJC_WEAK = YES;
				CLANG_WARN_BLOCK_CAPTURE_AUTORELEASING = YES;
				CLANG_WARN_BOOL_CONVERSION = YES;
				CLANG_WARN_COMMA = YES;
				CLANG_WARN_CONSTANT_CONVERSION = YES;
				CLANG_WARN_DEPRECATED_OBJC_IMPLEMENTATIONS = YES;
				CLANG_WARN_DIRECT_OBJC_ISA_USAGE = YES_ERROR;
				CLANG_WARN_DOCUMENTATION_COMMENTS = YES;
				CLANG_WARN_EMPTY_BODY = YES;
				CLANG_WARN_ENUM_CONVERSION = YES;
				CLANG_WARN_INFINITE_RECURSION = YES;
				CLANG_WARN_INT_CONVERSION = YES;
				CLANG_WARN_NON_LITERAL_NULL_CONVERSION = YES;
				CLANG_WARN_OBJC_IMPLICIT_RETAIN_SELF = YES;
				CLANG_WARN_OBJC_LITERAL_CONVERSION = YES;
				CLANG_WARN_OBJC_ROOT_CLASS = YES_ERROR;
				CLANG_WARN_QUOTED_INCLUDE_IN_FRAMEWORK_HEADER = YES;
				CLANG_WARN_RANGE_LOOP_ANALYSIS = YES;
				CLANG_WARN_STRICT_PROTOTYPES = YES;
				CLANG_WARN_SUSPICIOUS_MOVE = YES;
				CLANG_WARN_UNGUARDED_AVAILABILITY = YES_AGGRESSIVE;
				CLANG_WARN_UNREACHABLE_CODE = YES;
				CLANG_WARN__DUPLICATE_METHOD_MATCH = YES;
				COPY_PHASE_STRIP = NO;
				DEBUG_INFORMATION_FORMAT = "dwarf-with-dsym";
				ENABLE_NS_ASSERTIONS = NO;
				ENABLE_STRICT_OBJC_MSGSEND = YES;
				GCC_C_LANGUAGE_STANDARD = gnu11;
				GCC_NO_COMMON_BLOCKS = YES;
				GCC_WARN_64_TO_32_BIT_CONVERSION = YES;
				GCC_WARN_ABOUT_RETURN_TYPE = YES_ERROR;
				GCC_WARN_UNDECLARED_SELECTOR = YES;
				GCC_WARN_UNINITIALIZED_AUTOS = YES_AGGRESSIVE;
				GCC_WARN_UNUSED_FUNCTION = YES;
				GCC_WARN_UNUSED_VARIABLE = YES;
				IPHONEOS_DEPLOYMENT_TARGET = 16.0;
				MTL_ENABLE_DEBUG_INFO = NO;
				MTL_FAST_MATH = YES;
				SDKROOT = iphoneos;
				SWIFT_COMPILATION_MODE = wholemodule;
				SWIFT_OPTIMIZATION_LEVEL = "-O";
				VALIDATE_PRODUCT = YES;
			};
			name = Release;
		};
		17FD7A7E2986CF5600955541 /* Debug */ = {
			isa = XCBuildConfiguration;
			buildSettings = {
				ASSETCATALOG_COMPILER_APPICON_NAME = AppIcon;
				ASSETCATALOG_COMPILER_GLOBAL_ACCENT_COLOR_NAME = AccentColor;
				CODE_SIGN_STYLE = Automatic;
				CURRENT_PROJECT_VERSION = 1;
				DEVELOPMENT_ASSET_PATHS = "\"EC_App/Preview Content\"";
				DEVELOPMENT_TEAM = 8FG498WH5J;
				ENABLE_PREVIEWS = YES;
				GENERATE_INFOPLIST_FILE = YES;
				INFOPLIST_KEY_UIApplicationSceneManifest_Generation = YES;
				INFOPLIST_KEY_UIApplicationSupportsIndirectInputEvents = YES;
				INFOPLIST_KEY_UILaunchScreen_Generation = YES;
				INFOPLIST_KEY_UISupportedInterfaceOrientations_iPad = "UIInterfaceOrientationPortrait UIInterfaceOrientationPortraitUpsideDown UIInterfaceOrientationLandscapeLeft UIInterfaceOrientationLandscapeRight";
				INFOPLIST_KEY_UISupportedInterfaceOrientations_iPhone = "UIInterfaceOrientationPortrait UIInterfaceOrientationLandscapeLeft UIInterfaceOrientationLandscapeRight";
				LD_RUNPATH_SEARCH_PATHS = (
					"$(inherited)",
					"@executable_path/Frameworks",
				);
				MARKETING_VERSION = 1.0;
				PRODUCT_BUNDLE_IDENTIFIER = "com.kutab.EC-App";
				PRODUCT_NAME = "$(TARGET_NAME)";
				SWIFT_EMIT_LOC_STRINGS = YES;
				SWIFT_VERSION = 5.0;
				TARGETED_DEVICE_FAMILY = "1,2";
			};
			name = Debug;
		};
		17FD7A7F2986CF5600955541 /* Release */ = {
			isa = XCBuildConfiguration;
			buildSettings = {
				ASSETCATALOG_COMPILER_APPICON_NAME = AppIcon;
				ASSETCATALOG_COMPILER_GLOBAL_ACCENT_COLOR_NAME = AccentColor;
				CODE_SIGN_STYLE = Automatic;
				CURRENT_PROJECT_VERSION = 1;
				DEVELOPMENT_ASSET_PATHS = "\"EC_App/Preview Content\"";
				DEVELOPMENT_TEAM = 8FG498WH5J;
				ENABLE_PREVIEWS = YES;
				GENERATE_INFOPLIST_FILE = YES;
				INFOPLIST_KEY_UIApplicationSceneManifest_Generation = YES;
				INFOPLIST_KEY_UIApplicationSupportsIndirectInputEvents = YES;
				INFOPLIST_KEY_UILaunchScreen_Generation = YES;
				INFOPLIST_KEY_UISupportedInterfaceOrientations_iPad = "UIInterfaceOrientationPortrait UIInterfaceOrientationPortraitUpsideDown UIInterfaceOrientationLandscapeLeft UIInterfaceOrientationLandscapeRight";
				INFOPLIST_KEY_UISupportedInterfaceOrientations_iPhone = "UIInterfaceOrientationPortrait UIInterfaceOrientationLandscapeLeft UIInterfaceOrientationLandscapeRight";
				LD_RUNPATH_SEARCH_PATHS = (
					"$(inherited)",
					"@executable_path/Frameworks",
				);
				MARKETING_VERSION = 1.0;
				PRODUCT_BUNDLE_IDENTIFIER = "com.kutab.EC-App";
				PRODUCT_NAME = "$(TARGET_NAME)";
				SWIFT_EMIT_LOC_STRINGS = YES;
				SWIFT_VERSION = 5.0;
				TARGETED_DEVICE_FAMILY = "1,2";
			};
			name = Release;
		};
/* End XCBuildConfiguration section */

/* Begin XCConfigurationList section */
		17FD7A6A2986CF5300955541 /* Build configuration list for PBXProject "EC_App" */ = {
			isa = XCConfigurationList;
			buildConfigurations = (
				17FD7A7B2986CF5600955541 /* Debug */,
				17FD7A7C2986CF5600955541 /* Release */,
			);
			defaultConfigurationIsVisible = 0;
			defaultConfigurationName = Release;
		};
		17FD7A7D2986CF5600955541 /* Build configuration list for PBXNativeTarget "EC_App" */ = {
			isa = XCConfigurationList;
			buildConfigurations = (
				17FD7A7E2986CF5600955541 /* Debug */,
				17FD7A7F2986CF5600955541 /* Release */,
			);
			defaultConfigurationIsVisible = 0;
			defaultConfigurationName = Release;
		};
/* End XCConfigurationList section */
	};
	rootObject = 17FD7A672986CF5300955541 /* Project object */;
}
